// !$*UTF8*$!
{
	archiveVersion = 1;
	classes = {
	};
	objectVersion = 77;
	objects = {

/* Begin PBXBuildFile section */
		0120E07184BA35E7D0B0774B /* Manifest.json in Resources */ = {isa = PBXBuildFile; fileRef = 2647FEAC88E94C70E82FB4AA /* Manifest.json */; };
		01322EB3033A129DAD7FD6FE /* PaletteRegistry.swift in Sources */ = {isa = PBXBuildFile; fileRef = 9B00D1A3711C6764ECF625E9 /* PaletteRegistry.swift */; };
		02173ACDD6E547D3A444CCBA /* ItemType.swift in Sources */ = {isa = PBXBuildFile; fileRef = 64444851EE6FDD20F7744A42 /* ItemType.swift */; };
		03355C9986BFBB807FAECB01 /* PronunciationSystem.swift in Sources */ = {isa = PBXBuildFile; fileRef = B7B77F97C8A0C6698D80EFCA /* PronunciationSystem.swift */; };
		043620A89E0ED3CD79EC4D38 /* AlphabetItem.swift in Sources */ = {isa = PBXBuildFile; fileRef = 2F0BF3AD8A40B7E1E2C8523E /* AlphabetItem.swift */; };
		06B87E578F3F8CAE2D63F7E7 /* CardFaceView.swift in Sources */ = {isa = PBXBuildFile; fileRef = D539743A21482ED4AAC52A2E /* CardFaceView.swift */; };
		164A9101F53E3DDA279E93CB /* CardDeckView.swift in Sources */ = {isa = PBXBuildFile; fileRef = 51A864BCE9126C5B2491CCC9 /* CardDeckView.swift */; };
		1A6B77B5F3D708549DD2492D /* LanguageRegistry.swift in Sources */ = {isa = PBXBuildFile; fileRef = 5B1F5248C7183AF1ECA74B02 /* LanguageRegistry.swift */; };
		24B4988D22A0BCB7094C883F /* Ukrainian.json in Resources */ = {isa = PBXBuildFile; fileRef = 74E36F13B67CB7643C500E81 /* Ukrainian.json */; };
		2C6F56E202F018D3F4A1624E /* ThemeManager.swift in Sources */ = {isa = PBXBuildFile; fileRef = 0BC24CC2C4C33315E9BAF98B /* ThemeManager.swift */; };
		2E3298F741BC20D26A0698FF /* LanguageManifest.swift in Sources */ = {isa = PBXBuildFile; fileRef = 45676DED26A635E71F751365 /* LanguageManifest.swift */; };
		311285090DB846E24B24315D /* ContentDecodingTests.swift in Sources */ = {isa = PBXBuildFile; fileRef = A2B9D8CF85AB42AB472C01F3 /* ContentDecodingTests.swift */; };
		32BDD4388F1054F90D00FA79 /* Palettes.json in Resources */ = {isa = PBXBuildFile; fileRef = 1C7A92CAB3CB87BEB2FA4C49 /* Palettes.json */; };
		3DC35E4EC23F9B2658E6B26B /* FilterPillBar.swift in Sources */ = {isa = PBXBuildFile; fileRef = 745347C3FF22A0F295D77D00 /* FilterPillBar.swift */; };
		432AD727CD5ED9E6E0DE4551 /* Haptics.swift in Sources */ = {isa = PBXBuildFile; fileRef = 08C5566D46CFD7DDA4C1DDC6 /* Haptics.swift */; };
		48DBC3E95CEC49B59E69079E /* QuizViewModelTests.swift in Sources */ = {isa = PBXBuildFile; fileRef = 1EAA8F08C4A6E3C51EE2134D /* QuizViewModelTests.swift */; };
		568BAD240295708D8A10D91B /* AlphabetProviding.swift in Sources */ = {isa = PBXBuildFile; fileRef = 9898312F6A7FDA6FDBA0276B /* AlphabetProviding.swift */; };
		58D0F80B315C75EED8A6F0EB /* Serbian.json in Resources */ = {isa = PBXBuildFile; fileRef = 8BD2F9A3EA90800D18079F5F /* Serbian.json */; };
		5C54CF858F0F2B4A6FA9234A /* QuizEngine.swift in Sources */ = {isa = PBXBuildFile; fileRef = FB0D62D17CC873D23D27A115 /* QuizEngine.swift */; };
		5DB74ACCA8E9EB5C3F4C0742 /* AlphabetStore.swift in Sources */ = {isa = PBXBuildFile; fileRef = 4275EAE2248DAE0CFFBC6380 /* AlphabetStore.swift */; };
		68231FBE87C575D8E5F6A422 /* CardDeckViewModel.swift in Sources */ = {isa = PBXBuildFile; fileRef = B221B04E85CBA3C6B8EBE362 /* CardDeckViewModel.swift */; };
		6926A50418510A5EA600D9FC /* ReadingDirection.swift in Sources */ = {isa = PBXBuildFile; fileRef = 3FC2C04A7B0E4006DA960E84 /* ReadingDirection.swift */; };
		6A844DDE445E7187B835D8C3 /* Georgian.json in Resources */ = {isa = PBXBuildFile; fileRef = 453A2427A065B54888F6E4F5 /* Georgian.json */; };
		795625D7F8FC9A4679235DD8 /* QuizModels.swift in Sources */ = {isa = PBXBuildFile; fileRef = 9ED8ADC760684FDE1E2014A1 /* QuizModels.swift */; };
		7A0C7E7CD868BA6099D8DE1D /* FilterCategory.swift in Sources */ = {isa = PBXBuildFile; fileRef = 9BD483640135A8198DCAABC6 /* FilterCategory.swift */; };
		88C4FE5A449B11C476D95D6D /* QuizFilterPillBar.swift in Sources */ = {isa = PBXBuildFile; fileRef = 95321E460B0572B88A18D024 /* QuizFilterPillBar.swift */; };
		8E5B4826CB13695215CE5324 /* Bulgarian.json in Resources */ = {isa = PBXBuildFile; fileRef = F66BD6B367647AE0AF6BE226 /* Bulgarian.json */; };
		91C68F59DD110CE56CD38D64 /* Greek.json in Resources */ = {isa = PBXBuildFile; fileRef = 3B79F45C3D92AAE6E9D53CBB /* Greek.json */; };
		94B6C0198FC8124025DD65B3 /* ThemeManagerTests.swift in Sources */ = {isa = PBXBuildFile; fileRef = 24D47257AE5CDC2E2306857D /* ThemeManagerTests.swift */; };
		95C91E0C9CD02537AB58E641 /* Armenian.json in Resources */ = {isa = PBXBuildFile; fileRef = 14A3ECE1B6491E26D7B3BDD9 /* Armenian.json */; };
		9EBD4E4B3984CB3DAC38A002 /* AlphabetItemDetailTests.swift in Sources */ = {isa = PBXBuildFile; fileRef = C44E3DD7D5505E488B8CF40C /* AlphabetItemDetailTests.swift */; };
		A67214D8A1FDF515E55EC29C /* QuizEngineTests.swift in Sources */ = {isa = PBXBuildFile; fileRef = 61CEEBE8D70E7D7DF0F6249A /* QuizEngineTests.swift */; };
		A938C37AA93B760D4C04E086 /* Macedonian.json in Resources */ = {isa = PBXBuildFile; fileRef = 39194103FBAFBED3E40A40A6 /* Macedonian.json */; };
		AE30F7942431E9C5C2CA251F /* RootView.swift in Sources */ = {isa = PBXBuildFile; fileRef = 1D1CC34E0325E6B88CB4D4AE /* RootView.swift */; };
		B053A4BE2D397037C8FB28DA /* AlphaBetaApp.swift in Sources */ = {isa = PBXBuildFile; fileRef = E4B69C96D84C2D8966A8CBB1 /* AlphaBetaApp.swift */; };
		B4942A6E4C7904DE2CD1487F /* Belarusian.json in Resources */ = {isa = PBXBuildFile; fileRef = BDC4ED7DBEE592B273E902AF /* Belarusian.json */; };
		B8B029C8377A92EACF6EED16 /* QuizView.swift in Sources */ = {isa = PBXBuildFile; fileRef = C9BC7AF159E1BFC36B9E3420 /* QuizView.swift */; };
		BB6602561CFAD73FE6AD8242 /* BundledAlphabetProvider.swift in Sources */ = {isa = PBXBuildFile; fileRef = 1D0145315F2A41B36CF9871A /* BundledAlphabetProvider.swift */; };
		C0D9B92DE9E6EDBA113D4A73 /* Alphabet.swift in Sources */ = {isa = PBXBuildFile; fileRef = E9D5E816E4128AB61BCDDABB /* Alphabet.swift */; };
		C9DF625CD3D2CA34C0096780 /* CardsView.swift in Sources */ = {isa = PBXBuildFile; fileRef = 93346C01019E41885B72AA85 /* CardsView.swift */; };
		CB677C330E2B3A89CF18601B /* QuizViewModel.swift in Sources */ = {isa = PBXBuildFile; fileRef = F693D2AF0FC83A5033D39FF2 /* QuizViewModel.swift */; };
		CC3ECFFA8C80ADA6038573CB /* Theme.swift in Sources */ = {isa = PBXBuildFile; fileRef = D70C1993D526D91A51EE627E /* Theme.swift */; };
		D6D4EAA2262864DCE1A30793 /* CardDeckViewModelTests.swift in Sources */ = {isa = PBXBuildFile; fileRef = CC9A85E77C8C600BC1EFA4FA /* CardDeckViewModelTests.swift */; };
		E5BB66E92F8A58DE9A983BD9 /* QuizOptionRow.swift in Sources */ = {isa = PBXBuildFile; fileRef = 1CA447DF28E580AA183E8723 /* QuizOptionRow.swift */; };
		F43ED737900B45E86E945770 /* ItemDetailSheet.swift in Sources */ = {isa = PBXBuildFile; fileRef = 33B151AE727C3012B8E121B3 /* ItemDetailSheet.swift */; };
		F6835020E41F4E83EA2C5573 /* PronunciationEntry.swift in Sources */ = {isa = PBXBuildFile; fileRef = 57CE58DE606FDEEA7740F758 /* PronunciationEntry.swift */; };
		F7C312FDE1C64828277121A1 /* Russian.json in Resources */ = {isa = PBXBuildFile; fileRef = C802E2447E5904A0ADB4801C /* Russian.json */; };
		F93134718EA3AAB4524D0762 /* Assets.xcassets in Resources */ = {isa = PBXBuildFile; fileRef = 73213E113A99756620430B3F /* Assets.xcassets */; };
		FB9B73E7CD7A870BFF9C6A35 /* QuestionCardView.swift in Sources */ = {isa = PBXBuildFile; fileRef = BF167DDBD69106BA03B7E1EA /* QuestionCardView.swift */; };
/* End PBXBuildFile section */

/* Begin PBXContainerItemProxy section */
		00212FF7F4F2609F57A12087 /* PBXContainerItemProxy */ = {
			isa = PBXContainerItemProxy;
			containerPortal = 5376F80825E88FC96EC14E73 /* Project object */;
			proxyType = 1;
			remoteGlobalIDString = 9234F0E1688C6E740EF47EC8;
			remoteInfo = AlphaBeta;
		};
/* End PBXContainerItemProxy section */

/* Begin PBXFileReference section */
		08C5566D46CFD7DDA4C1DDC6 /* Haptics.swift */ = {isa = PBXFileReference; lastKnownFileType = sourcecode.swift; path = Haptics.swift; sourceTree = "<group>"; };
		0BC24CC2C4C33315E9BAF98B /* ThemeManager.swift */ = {isa = PBXFileReference; lastKnownFileType = sourcecode.swift; path = ThemeManager.swift; sourceTree = "<group>"; };
		14A3ECE1B6491E26D7B3BDD9 /* Armenian.json */ = {isa = PBXFileReference; lastKnownFileType = text.json; path = Armenian.json; sourceTree = "<group>"; };
		1C7A92CAB3CB87BEB2FA4C49 /* Palettes.json */ = {isa = PBXFileReference; lastKnownFileType = text.json; path = Palettes.json; sourceTree = "<group>"; };
		1CA447DF28E580AA183E8723 /* QuizOptionRow.swift */ = {isa = PBXFileReference; lastKnownFileType = sourcecode.swift; path = QuizOptionRow.swift; sourceTree = "<group>"; };
		1D0145315F2A41B36CF9871A /* BundledAlphabetProvider.swift */ = {isa = PBXFileReference; lastKnownFileType = sourcecode.swift; path = BundledAlphabetProvider.swift; sourceTree = "<group>"; };
		1D1CC34E0325E6B88CB4D4AE /* RootView.swift */ = {isa = PBXFileReference; lastKnownFileType = sourcecode.swift; path = RootView.swift; sourceTree = "<group>"; };
		1EAA8F08C4A6E3C51EE2134D /* QuizViewModelTests.swift */ = {isa = PBXFileReference; lastKnownFileType = sourcecode.swift; path = QuizViewModelTests.swift; sourceTree = "<group>"; };
		24D47257AE5CDC2E2306857D /* ThemeManagerTests.swift */ = {isa = PBXFileReference; lastKnownFileType = sourcecode.swift; path = ThemeManagerTests.swift; sourceTree = "<group>"; };
		2647FEAC88E94C70E82FB4AA /* Manifest.json */ = {isa = PBXFileReference; lastKnownFileType = text.json; path = Manifest.json; sourceTree = "<group>"; };
		2F0BF3AD8A40B7E1E2C8523E /* AlphabetItem.swift */ = {isa = PBXFileReference; lastKnownFileType = sourcecode.swift; path = AlphabetItem.swift; sourceTree = "<group>"; };
		33B151AE727C3012B8E121B3 /* ItemDetailSheet.swift */ = {isa = PBXFileReference; lastKnownFileType = sourcecode.swift; path = ItemDetailSheet.swift; sourceTree = "<group>"; };
		39194103FBAFBED3E40A40A6 /* Macedonian.json */ = {isa = PBXFileReference; lastKnownFileType = text.json; path = Macedonian.json; sourceTree = "<group>"; };
		3B79F45C3D92AAE6E9D53CBB /* Greek.json */ = {isa = PBXFileReference; lastKnownFileType = text.json; path = Greek.json; sourceTree = "<group>"; };
		3FC2C04A7B0E4006DA960E84 /* ReadingDirection.swift */ = {isa = PBXFileReference; lastKnownFileType = sourcecode.swift; path = ReadingDirection.swift; sourceTree = "<group>"; };
		4275EAE2248DAE0CFFBC6380 /* AlphabetStore.swift */ = {isa = PBXFileReference; lastKnownFileType = sourcecode.swift; path = AlphabetStore.swift; sourceTree = "<group>"; };
		453A2427A065B54888F6E4F5 /* Georgian.json */ = {isa = PBXFileReference; lastKnownFileType = text.json; path = Georgian.json; sourceTree = "<group>"; };
		45676DED26A635E71F751365 /* LanguageManifest.swift */ = {isa = PBXFileReference; lastKnownFileType = sourcecode.swift; path = LanguageManifest.swift; sourceTree = "<group>"; };
		51A864BCE9126C5B2491CCC9 /* CardDeckView.swift */ = {isa = PBXFileReference; lastKnownFileType = sourcecode.swift; path = CardDeckView.swift; sourceTree = "<group>"; };
		57CE58DE606FDEEA7740F758 /* PronunciationEntry.swift */ = {isa = PBXFileReference; lastKnownFileType = sourcecode.swift; path = PronunciationEntry.swift; sourceTree = "<group>"; };
		5B1F5248C7183AF1ECA74B02 /* LanguageRegistry.swift */ = {isa = PBXFileReference; lastKnownFileType = sourcecode.swift; path = LanguageRegistry.swift; sourceTree = "<group>"; };
		61CEEBE8D70E7D7DF0F6249A /* QuizEngineTests.swift */ = {isa = PBXFileReference; lastKnownFileType = sourcecode.swift; path = QuizEngineTests.swift; sourceTree = "<group>"; };
		64444851EE6FDD20F7744A42 /* ItemType.swift */ = {isa = PBXFileReference; lastKnownFileType = sourcecode.swift; path = ItemType.swift; sourceTree = "<group>"; };
		73213E113A99756620430B3F /* Assets.xcassets */ = {isa = PBXFileReference; lastKnownFileType = folder.assetcatalog; path = Assets.xcassets; sourceTree = "<group>"; };
		745347C3FF22A0F295D77D00 /* FilterPillBar.swift */ = {isa = PBXFileReference; lastKnownFileType = sourcecode.swift; path = FilterPillBar.swift; sourceTree = "<group>"; };
		74E36F13B67CB7643C500E81 /* Ukrainian.json */ = {isa = PBXFileReference; lastKnownFileType = text.json; path = Ukrainian.json; sourceTree = "<group>"; };
		8BD2F9A3EA90800D18079F5F /* Serbian.json */ = {isa = PBXFileReference; lastKnownFileType = text.json; path = Serbian.json; sourceTree = "<group>"; };
		93346C01019E41885B72AA85 /* CardsView.swift */ = {isa = PBXFileReference; lastKnownFileType = sourcecode.swift; path = CardsView.swift; sourceTree = "<group>"; };
		95321E460B0572B88A18D024 /* QuizFilterPillBar.swift */ = {isa = PBXFileReference; lastKnownFileType = sourcecode.swift; path = QuizFilterPillBar.swift; sourceTree = "<group>"; };
		9898312F6A7FDA6FDBA0276B /* AlphabetProviding.swift */ = {isa = PBXFileReference; lastKnownFileType = sourcecode.swift; path = AlphabetProviding.swift; sourceTree = "<group>"; };
		9B00D1A3711C6764ECF625E9 /* PaletteRegistry.swift */ = {isa = PBXFileReference; lastKnownFileType = sourcecode.swift; path = PaletteRegistry.swift; sourceTree = "<group>"; };
		9BD483640135A8198DCAABC6 /* FilterCategory.swift */ = {isa = PBXFileReference; lastKnownFileType = sourcecode.swift; path = FilterCategory.swift; sourceTree = "<group>"; };
		9C49065F54C1926EA4C621A3 /* AlphaBeta.entitlements */ = {isa = PBXFileReference; lastKnownFileType = text.plist.entitlements; path = AlphaBeta.entitlements; sourceTree = "<group>"; };
		9ED8ADC760684FDE1E2014A1 /* QuizModels.swift */ = {isa = PBXFileReference; lastKnownFileType = sourcecode.swift; path = QuizModels.swift; sourceTree = "<group>"; };
		A2B9D8CF85AB42AB472C01F3 /* ContentDecodingTests.swift */ = {isa = PBXFileReference; lastKnownFileType = sourcecode.swift; path = ContentDecodingTests.swift; sourceTree = "<group>"; };
		A992191278F405E22CEFA21E /* Info.plist */ = {isa = PBXFileReference; lastKnownFileType = text.plist; path = Info.plist; sourceTree = "<group>"; };
		B221B04E85CBA3C6B8EBE362 /* CardDeckViewModel.swift */ = {isa = PBXFileReference; lastKnownFileType = sourcecode.swift; path = CardDeckViewModel.swift; sourceTree = "<group>"; };
		B7B77F97C8A0C6698D80EFCA /* PronunciationSystem.swift */ = {isa = PBXFileReference; lastKnownFileType = sourcecode.swift; path = PronunciationSystem.swift; sourceTree = "<group>"; };
		BDC4ED7DBEE592B273E902AF /* Belarusian.json */ = {isa = PBXFileReference; lastKnownFileType = text.json; path = Belarusian.json; sourceTree = "<group>"; };
		BF167DDBD69106BA03B7E1EA /* QuestionCardView.swift */ = {isa = PBXFileReference; lastKnownFileType = sourcecode.swift; path = QuestionCardView.swift; sourceTree = "<group>"; };
		C44E3DD7D5505E488B8CF40C /* AlphabetItemDetailTests.swift */ = {isa = PBXFileReference; lastKnownFileType = sourcecode.swift; path = AlphabetItemDetailTests.swift; sourceTree = "<group>"; };
		C802E2447E5904A0ADB4801C /* Russian.json */ = {isa = PBXFileReference; lastKnownFileType = text.json; path = Russian.json; sourceTree = "<group>"; };
		C9BC7AF159E1BFC36B9E3420 /* QuizView.swift */ = {isa = PBXFileReference; lastKnownFileType = sourcecode.swift; path = QuizView.swift; sourceTree = "<group>"; };
		CC9A85E77C8C600BC1EFA4FA /* CardDeckViewModelTests.swift */ = {isa = PBXFileReference; lastKnownFileType = sourcecode.swift; path = CardDeckViewModelTests.swift; sourceTree = "<group>"; };
		D539743A21482ED4AAC52A2E /* CardFaceView.swift */ = {isa = PBXFileReference; lastKnownFileType = sourcecode.swift; path = CardFaceView.swift; sourceTree = "<group>"; };
		D70C1993D526D91A51EE627E /* Theme.swift */ = {isa = PBXFileReference; lastKnownFileType = sourcecode.swift; path = Theme.swift; sourceTree = "<group>"; };
		E399CEA55AD8FD12E10FE5D1 /* AlphaBeta.app */ = {isa = PBXFileReference; includeInIndex = 0; lastKnownFileType = wrapper.application; path = AlphaBeta.app; sourceTree = BUILT_PRODUCTS_DIR; };
		E4B69C96D84C2D8966A8CBB1 /* AlphaBetaApp.swift */ = {isa = PBXFileReference; lastKnownFileType = sourcecode.swift; path = AlphaBetaApp.swift; sourceTree = "<group>"; };
		E9D5E816E4128AB61BCDDABB /* Alphabet.swift */ = {isa = PBXFileReference; lastKnownFileType = sourcecode.swift; path = Alphabet.swift; sourceTree = "<group>"; };
		EF2793653DFE7415CBAEBA14 /* AlphaBetaTests.xctest */ = {isa = PBXFileReference; includeInIndex = 0; lastKnownFileType = wrapper.cfbundle; path = AlphaBetaTests.xctest; sourceTree = BUILT_PRODUCTS_DIR; };
		F66BD6B367647AE0AF6BE226 /* Bulgarian.json */ = {isa = PBXFileReference; lastKnownFileType = text.json; path = Bulgarian.json; sourceTree = "<group>"; };
		F693D2AF0FC83A5033D39FF2 /* QuizViewModel.swift */ = {isa = PBXFileReference; lastKnownFileType = sourcecode.swift; path = QuizViewModel.swift; sourceTree = "<group>"; };
		FB0D62D17CC873D23D27A115 /* QuizEngine.swift */ = {isa = PBXFileReference; lastKnownFileType = sourcecode.swift; path = QuizEngine.swift; sourceTree = "<group>"; };
/* End PBXFileReference section */

/* Begin PBXGroup section */
		10513ABFBDEF9C82C491065F /* Quiz */ = {
			isa = PBXGroup;
			children = (
				BF167DDBD69106BA03B7E1EA /* QuestionCardView.swift */,
				FB0D62D17CC873D23D27A115 /* QuizEngine.swift */,
				95321E460B0572B88A18D024 /* QuizFilterPillBar.swift */,
				9ED8ADC760684FDE1E2014A1 /* QuizModels.swift */,
				1CA447DF28E580AA183E8723 /* QuizOptionRow.swift */,
				C9BC7AF159E1BFC36B9E3420 /* QuizView.swift */,
				F693D2AF0FC83A5033D39FF2 /* QuizViewModel.swift */,
			);
			path = Quiz;
			sourceTree = "<group>";
		};
		3BE8954487DA935E9E1D2570 /* Products */ = {
			isa = PBXGroup;
			children = (
				E399CEA55AD8FD12E10FE5D1 /* AlphaBeta.app */,
				EF2793653DFE7415CBAEBA14 /* AlphaBetaTests.xctest */,
			);
			name = Products;
			sourceTree = "<group>";
		};
		4C14854D95441C4732C302D3 /* Cards */ = {
			isa = PBXGroup;
			children = (
				51A864BCE9126C5B2491CCC9 /* CardDeckView.swift */,
				B221B04E85CBA3C6B8EBE362 /* CardDeckViewModel.swift */,
				D539743A21482ED4AAC52A2E /* CardFaceView.swift */,
				93346C01019E41885B72AA85 /* CardsView.swift */,
				745347C3FF22A0F295D77D00 /* FilterPillBar.swift */,
			);
			path = Cards;
			sourceTree = "<group>";
		};
		511B89D259B1AC19D24C3DB2 /* Resources */ = {
			isa = PBXGroup;
			children = (
				14A3ECE1B6491E26D7B3BDD9 /* Armenian.json */,
				BDC4ED7DBEE592B273E902AF /* Belarusian.json */,
				F66BD6B367647AE0AF6BE226 /* Bulgarian.json */,
				453A2427A065B54888F6E4F5 /* Georgian.json */,
				3B79F45C3D92AAE6E9D53CBB /* Greek.json */,
				39194103FBAFBED3E40A40A6 /* Macedonian.json */,
				2647FEAC88E94C70E82FB4AA /* Manifest.json */,
				1C7A92CAB3CB87BEB2FA4C49 /* Palettes.json */,
				C802E2447E5904A0ADB4801C /* Russian.json */,
				8BD2F9A3EA90800D18079F5F /* Serbian.json */,
				74E36F13B67CB7643C500E81 /* Ukrainian.json */,
			);
			path = Resources;
			sourceTree = "<group>";
		};
		59B61FF425FF09F6B145C1A4 /* Support */ = {
			isa = PBXGroup;
			children = (
				08C5566D46CFD7DDA4C1DDC6 /* Haptics.swift */,
			);
			path = Support;
			sourceTree = "<group>";
		};
		630E87AE55836698C154B867 /* Detail */ = {
			isa = PBXGroup;
			children = (
				33B151AE727C3012B8E121B3 /* ItemDetailSheet.swift */,
			);
			path = Detail;
			sourceTree = "<group>";
		};
		6946FB9A4D20ABB309A655D7 /* Theme */ = {
			isa = PBXGroup;
			children = (
				9B00D1A3711C6764ECF625E9 /* PaletteRegistry.swift */,
				D70C1993D526D91A51EE627E /* Theme.swift */,
				0BC24CC2C4C33315E9BAF98B /* ThemeManager.swift */,
			);
			path = Theme;
			sourceTree = "<group>";
		};
		813790603657C29DE5BD7DF8 /* AlphaBetaTests */ = {
			isa = PBXGroup;
			children = (
				C44E3DD7D5505E488B8CF40C /* AlphabetItemDetailTests.swift */,
				CC9A85E77C8C600BC1EFA4FA /* CardDeckViewModelTests.swift */,
				A2B9D8CF85AB42AB472C01F3 /* ContentDecodingTests.swift */,
				61CEEBE8D70E7D7DF0F6249A /* QuizEngineTests.swift */,
				1EAA8F08C4A6E3C51EE2134D /* QuizViewModelTests.swift */,
				24D47257AE5CDC2E2306857D /* ThemeManagerTests.swift */,
			);
			path = AlphaBetaTests;
			sourceTree = "<group>";
		};
		86D2DA6DB0BE899BF009A85E /* Models */ = {
			isa = PBXGroup;
			children = (
				E9D5E816E4128AB61BCDDABB /* Alphabet.swift */,
				2F0BF3AD8A40B7E1E2C8523E /* AlphabetItem.swift */,
				9BD483640135A8198DCAABC6 /* FilterCategory.swift */,
				64444851EE6FDD20F7744A42 /* ItemType.swift */,
				57CE58DE606FDEEA7740F758 /* PronunciationEntry.swift */,
			);
			path = Models;
			sourceTree = "<group>";
		};
		94753145450F3AF8DC1C1882 /* Registry */ = {
			isa = PBXGroup;
			children = (
				45676DED26A635E71F751365 /* LanguageManifest.swift */,
				5B1F5248C7183AF1ECA74B02 /* LanguageRegistry.swift */,
				B7B77F97C8A0C6698D80EFCA /* PronunciationSystem.swift */,
				3FC2C04A7B0E4006DA960E84 /* ReadingDirection.swift */,
			);
			path = Registry;
			sourceTree = "<group>";
		};
		B42E6F2521B2A998A445E9BE /* Loading */ = {
			isa = PBXGroup;
			children = (
				9898312F6A7FDA6FDBA0276B /* AlphabetProviding.swift */,
				4275EAE2248DAE0CFFBC6380 /* AlphabetStore.swift */,
				1D0145315F2A41B36CF9871A /* BundledAlphabetProvider.swift */,
			);
			path = Loading;
			sourceTree = "<group>";
		};
		D535A07AE0EFFE71DF869017 = {
			isa = PBXGroup;
			children = (
				813790603657C29DE5BD7DF8 /* AlphaBetaTests */,
				E8BAA8407C117C1061470914 /* App */,
				F8FB08867BD7CDF491E32E83 /* Content */,
				EB8840CEAA76B60B6D40D488 /* Features */,
				59B61FF425FF09F6B145C1A4 /* Support */,
				6946FB9A4D20ABB309A655D7 /* Theme */,
				DA6B35CDDBBB951EE929C14B /* UserData */,
				3BE8954487DA935E9E1D2570 /* Products */,
			);
			sourceTree = "<group>";
		};
		DA6B35CDDBBB951EE929C14B /* UserData */ = {
			isa = PBXGroup;
			children = (
			);
			path = UserData;
			sourceTree = "<group>";
		};
		E8BAA8407C117C1061470914 /* App */ = {
			isa = PBXGroup;
			children = (
				9C49065F54C1926EA4C621A3 /* AlphaBeta.entitlements */,
				E4B69C96D84C2D8966A8CBB1 /* AlphaBetaApp.swift */,
				73213E113A99756620430B3F /* Assets.xcassets */,
				A992191278F405E22CEFA21E /* Info.plist */,
				1D1CC34E0325E6B88CB4D4AE /* RootView.swift */,
			);
			path = App;
			sourceTree = "<group>";
		};
		EB8840CEAA76B60B6D40D488 /* Features */ = {
			isa = PBXGroup;
			children = (
				4C14854D95441C4732C302D3 /* Cards */,
				630E87AE55836698C154B867 /* Detail */,
				10513ABFBDEF9C82C491065F /* Quiz */,
			);
			path = Features;
			sourceTree = "<group>";
		};
		F8FB08867BD7CDF491E32E83 /* Content */ = {
			isa = PBXGroup;
			children = (
				B42E6F2521B2A998A445E9BE /* Loading */,
				86D2DA6DB0BE899BF009A85E /* Models */,
				94753145450F3AF8DC1C1882 /* Registry */,
				511B89D259B1AC19D24C3DB2 /* Resources */,
			);
			path = Content;
			sourceTree = "<group>";
		};
/* End PBXGroup section */

/* Begin PBXNativeTarget section */
		86C4685E0FE73B7CC89762FB /* AlphaBetaTests */ = {
			isa = PBXNativeTarget;
			buildConfigurationList = 4CC768794EDA12DA0EDE1566 /* Build configuration list for PBXNativeTarget "AlphaBetaTests" */;
			buildPhases = (
				518CBE7DD2A160E9628DFC42 /* Sources */,
			);
			buildRules = (
			);
			dependencies = (
				A1E6C9C421CFF8F1E5C69AB8 /* PBXTargetDependency */,
			);
			name = AlphaBetaTests;
			packageProductDependencies = (
			);
			productName = AlphaBetaTests;
			productReference = EF2793653DFE7415CBAEBA14 /* AlphaBetaTests.xctest */;
			productType = "com.apple.product-type.bundle.unit-test";
		};
		9234F0E1688C6E740EF47EC8 /* AlphaBeta */ = {
			isa = PBXNativeTarget;
			buildConfigurationList = D5156D1F145C9AC3A57AD00D /* Build configuration list for PBXNativeTarget "AlphaBeta" */;
			buildPhases = (
				0C10B3F628F9F9B3593A390F /* Sources */,
				848FAFD0B94D31B94FF7814E /* Resources */,
			);
			buildRules = (
			);
			dependencies = (
			);
			name = AlphaBeta;
			packageProductDependencies = (
			);
			productName = AlphaBeta;
			productReference = E399CEA55AD8FD12E10FE5D1 /* AlphaBeta.app */;
			productType = "com.apple.product-type.application";
		};
/* End PBXNativeTarget section */

/* Begin PBXProject section */
		5376F80825E88FC96EC14E73 /* Project object */ = {
			isa = PBXProject;
			attributes = {
				BuildIndependentTargetsInParallel = YES;
				LastUpgradeCheck = 1430;
				TargetAttributes = {
					9234F0E1688C6E740EF47EC8 = {
						ProvisioningStyle = Automatic;
					};
				};
			};
			buildConfigurationList = DFC58F2F67F1A39B18B27F60 /* Build configuration list for PBXProject "AlphaBeta" */;
			developmentRegion = en;
			hasScannedForEncodings = 0;
			knownRegions = (
				Base,
				en,
			);
			mainGroup = D535A07AE0EFFE71DF869017;
			minimizedProjectReferenceProxies = 1;
			preferredProjectObjectVersion = 77;
			productRefGroup = 3BE8954487DA935E9E1D2570 /* Products */;
			projectDirPath = "";
			projectRoot = "";
			targets = (
				9234F0E1688C6E740EF47EC8 /* AlphaBeta */,
				86C4685E0FE73B7CC89762FB /* AlphaBetaTests */,
			);
		};
/* End PBXProject section */

/* Begin PBXResourcesBuildPhase section */
		848FAFD0B94D31B94FF7814E /* Resources */ = {
			isa = PBXResourcesBuildPhase;
			buildActionMask = 2147483647;
			files = (
				95C91E0C9CD02537AB58E641 /* Armenian.json in Resources */,
				F93134718EA3AAB4524D0762 /* Assets.xcassets in Resources */,
				B4942A6E4C7904DE2CD1487F /* Belarusian.json in Resources */,
				8E5B4826CB13695215CE5324 /* Bulgarian.json in Resources */,
				6A844DDE445E7187B835D8C3 /* Georgian.json in Resources */,
				91C68F59DD110CE56CD38D64 /* Greek.json in Resources */,
				A938C37AA93B760D4C04E086 /* Macedonian.json in Resources */,
				0120E07184BA35E7D0B0774B /* Manifest.json in Resources */,
				32BDD4388F1054F90D00FA79 /* Palettes.json in Resources */,
				F7C312FDE1C64828277121A1 /* Russian.json in Resources */,
				58D0F80B315C75EED8A6F0EB /* Serbian.json in Resources */,
				24B4988D22A0BCB7094C883F /* Ukrainian.json in Resources */,
			);
			runOnlyForDeploymentPostprocessing = 0;
		};
/* End PBXResourcesBuildPhase section */

/* Begin PBXSourcesBuildPhase section */
		0C10B3F628F9F9B3593A390F /* Sources */ = {
			isa = PBXSourcesBuildPhase;
			buildActionMask = 2147483647;
			files = (
				B053A4BE2D397037C8FB28DA /* AlphaBetaApp.swift in Sources */,
				C0D9B92DE9E6EDBA113D4A73 /* Alphabet.swift in Sources */,
				043620A89E0ED3CD79EC4D38 /* AlphabetItem.swift in Sources */,
				568BAD240295708D8A10D91B /* AlphabetProviding.swift in Sources */,
				5DB74ACCA8E9EB5C3F4C0742 /* AlphabetStore.swift in Sources */,
				BB6602561CFAD73FE6AD8242 /* BundledAlphabetProvider.swift in Sources */,
				164A9101F53E3DDA279E93CB /* CardDeckView.swift in Sources */,
				68231FBE87C575D8E5F6A422 /* CardDeckViewModel.swift in Sources */,
				06B87E578F3F8CAE2D63F7E7 /* CardFaceView.swift in Sources */,
				C9DF625CD3D2CA34C0096780 /* CardsView.swift in Sources */,
				7A0C7E7CD868BA6099D8DE1D /* FilterCategory.swift in Sources */,
				3DC35E4EC23F9B2658E6B26B /* FilterPillBar.swift in Sources */,
				432AD727CD5ED9E6E0DE4551 /* Haptics.swift in Sources */,
				F43ED737900B45E86E945770 /* ItemDetailSheet.swift in Sources */,
				02173ACDD6E547D3A444CCBA /* ItemType.swift in Sources */,
				2E3298F741BC20D26A0698FF /* LanguageManifest.swift in Sources */,
				1A6B77B5F3D708549DD2492D /* LanguageRegistry.swift in Sources */,
				01322EB3033A129DAD7FD6FE /* PaletteRegistry.swift in Sources */,
				F6835020E41F4E83EA2C5573 /* PronunciationEntry.swift in Sources */,
				03355C9986BFBB807FAECB01 /* PronunciationSystem.swift in Sources */,
				FB9B73E7CD7A870BFF9C6A35 /* QuestionCardView.swift in Sources */,
				5C54CF858F0F2B4A6FA9234A /* QuizEngine.swift in Sources */,
				88C4FE5A449B11C476D95D6D /* QuizFilterPillBar.swift in Sources */,
				795625D7F8FC9A4679235DD8 /* QuizModels.swift in Sources */,
				E5BB66E92F8A58DE9A983BD9 /* QuizOptionRow.swift in Sources */,
				B8B029C8377A92EACF6EED16 /* QuizView.swift in Sources */,
				CB677C330E2B3A89CF18601B /* QuizViewModel.swift in Sources */,
				6926A50418510A5EA600D9FC /* ReadingDirection.swift in Sources */,
				AE30F7942431E9C5C2CA251F /* RootView.swift in Sources */,
				CC3ECFFA8C80ADA6038573CB /* Theme.swift in Sources */,
				2C6F56E202F018D3F4A1624E /* ThemeManager.swift in Sources */,
			);
			runOnlyForDeploymentPostprocessing = 0;
		};
		518CBE7DD2A160E9628DFC42 /* Sources */ = {
			isa = PBXSourcesBuildPhase;
			buildActionMask = 2147483647;
			files = (
				9EBD4E4B3984CB3DAC38A002 /* AlphabetItemDetailTests.swift in Sources */,
				D6D4EAA2262864DCE1A30793 /* CardDeckViewModelTests.swift in Sources */,
				311285090DB846E24B24315D /* ContentDecodingTests.swift in Sources */,
				A67214D8A1FDF515E55EC29C /* QuizEngineTests.swift in Sources */,
				48DBC3E95CEC49B59E69079E /* QuizViewModelTests.swift in Sources */,
				94B6C0198FC8124025DD65B3 /* ThemeManagerTests.swift in Sources */,
			);
			runOnlyForDeploymentPostprocessing = 0;
		};
/* End PBXSourcesBuildPhase section */

/* Begin PBXTargetDependency section */
		A1E6C9C421CFF8F1E5C69AB8 /* PBXTargetDependency */ = {
			isa = PBXTargetDependency;
			target = 9234F0E1688C6E740EF47EC8 /* AlphaBeta */;
			targetProxy = 00212FF7F4F2609F57A12087 /* PBXContainerItemProxy */;
		};
/* End PBXTargetDependency section */

/* Begin XCBuildConfiguration section */
		0C72268BCC1C8A3A87D82AD1 /* Debug */ = {
			isa = XCBuildConfiguration;
			buildSettings = {
				ALWAYS_SEARCH_USER_PATHS = NO;
				CLANG_ANALYZER_NONNULL = YES;
				CLANG_ANALYZER_NUMBER_OBJECT_CONVERSION = YES_AGGRESSIVE;
				CLANG_CXX_LANGUAGE_STANDARD = "gnu++14";
				CLANG_CXX_LIBRARY = "libc++";
				CLANG_ENABLE_MODULES = YES;
				CLANG_ENABLE_OBJC_ARC = YES;
				CLANG_ENABLE_OBJC_WEAK = YES;
				CLANG_WARN_BLOCK_CAPTURE_AUTORELEASING = YES;
				CLANG_WARN_BOOL_CONVERSION = YES;
				CLANG_WARN_COMMA = YES;
				CLANG_WARN_CONSTANT_CONVERSION = YES;
				CLANG_WARN_DEPRECATED_OBJC_IMPLEMENTATIONS = YES;
				CLANG_WARN_DIRECT_OBJC_ISA_USAGE = YES_ERROR;
				CLANG_WARN_DOCUMENTATION_COMMENTS = YES;
				CLANG_WARN_EMPTY_BODY = YES;
				CLANG_WARN_ENUM_CONVERSION = YES;
				CLANG_WARN_INFINITE_RECURSION = YES;
				CLANG_WARN_INT_CONVERSION = YES;
				CLANG_WARN_NON_LITERAL_NULL_CONVERSION = YES;
				CLANG_WARN_OBJC_IMPLICIT_RETAIN_SELF = YES;
				CLANG_WARN_OBJC_LITERAL_CONVERSION = YES;
				CLANG_WARN_OBJC_ROOT_CLASS = YES_ERROR;
				CLANG_WARN_QUOTED_INCLUDE_IN_FRAMEWORK_HEADER = YES;
				CLANG_WARN_RANGE_LOOP_ANALYSIS = YES;
				CLANG_WARN_STRICT_PROTOTYPES = YES;
				CLANG_WARN_SUSPICIOUS_MOVE = YES;
				CLANG_WARN_UNGUARDED_AVAILABILITY = YES_AGGRESSIVE;
				CLANG_WARN_UNREACHABLE_CODE = YES;
				CLANG_WARN__DUPLICATE_METHOD_MATCH = YES;
				COPY_PHASE_STRIP = NO;
				DEBUG_INFORMATION_FORMAT = dwarf;
				ENABLE_STRICT_OBJC_MSGSEND = YES;
				ENABLE_TESTABILITY = YES;
				GCC_C_LANGUAGE_STANDARD = gnu11;
				GCC_DYNAMIC_NO_PIC = NO;
				GCC_NO_COMMON_BLOCKS = YES;
				GCC_OPTIMIZATION_LEVEL = 0;
				GCC_PREPROCESSOR_DEFINITIONS = (
					"$(inherited)",
					"DEBUG=1",
				);
				GCC_WARN_64_TO_32_BIT_CONVERSION = YES;
				GCC_WARN_ABOUT_RETURN_TYPE = YES_ERROR;
				GCC_WARN_UNDECLARED_SELECTOR = YES;
				GCC_WARN_UNINITIALIZED_AUTOS = YES_AGGRESSIVE;
				GCC_WARN_UNUSED_FUNCTION = YES;
				GCC_WARN_UNUSED_VARIABLE = YES;
				IPHONEOS_DEPLOYMENT_TARGET = 18.0;
				MTL_ENABLE_DEBUG_INFO = INCLUDE_SOURCE;
				MTL_FAST_MATH = YES;
				ONLY_ACTIVE_ARCH = YES;
				PRODUCT_NAME = "$(TARGET_NAME)";
				SDKROOT = iphoneos;
				SUPPORTS_MACCATALYST = NO;
				SWIFT_ACTIVE_COMPILATION_CONDITIONS = DEBUG;
				SWIFT_OPTIMIZATION_LEVEL = "-Onone";
				SWIFT_VERSION = 5.0;
				TARGETED_DEVICE_FAMILY = "1,2";
			};
			name = Debug;
		};
		6DB81641ACABDA6A156EAF5C /* Debug */ = {
			isa = XCBuildConfiguration;
			buildSettings = {
				BUNDLE_LOADER = "$(TEST_HOST)";
				GENERATE_INFOPLIST_FILE = YES;
				IPHONEOS_DEPLOYMENT_TARGET = 18.0;
				LD_RUNPATH_SEARCH_PATHS = (
					"$(inherited)",
					"@executable_path/Frameworks",
					"@loader_path/Frameworks",
				);
				PRODUCT_BUNDLE_IDENTIFIER = com.JohnHoedeman.AlphaBetaTests;
				SDKROOT = iphoneos;
				TARGETED_DEVICE_FAMILY = "1,2";
				TEST_HOST = "$(BUILT_PRODUCTS_DIR)/AlphaBeta.app/AlphaBeta";
			};
			name = Debug;
		};
		7B5E8FE757130E49B2FC3166 /* Release */ = {
			isa = XCBuildConfiguration;
			buildSettings = {
				ALWAYS_SEARCH_USER_PATHS = NO;
				CLANG_ANALYZER_NONNULL = YES;
				CLANG_ANALYZER_NUMBER_OBJECT_CONVERSION = YES_AGGRESSIVE;
				CLANG_CXX_LANGUAGE_STANDARD = "gnu++14";
				CLANG_CXX_LIBRARY = "libc++";
				CLANG_ENABLE_MODULES = YES;
				CLANG_ENABLE_OBJC_ARC = YES;
				CLANG_ENABLE_OBJC_WEAK = YES;
				CLANG_WARN_BLOCK_CAPTURE_AUTORELEASING = YES;
				CLANG_WARN_BOOL_CONVERSION = YES;
				CLANG_WARN_COMMA = YES;
				CLANG_WARN_CONSTANT_CONVERSION = YES;
				CLANG_WARN_DEPRECATED_OBJC_IMPLEMENTATIONS = YES;
				CLANG_WARN_DIRECT_OBJC_ISA_USAGE = YES_ERROR;
				CLANG_WARN_DOCUMENTATION_COMMENTS = YES;
				CLANG_WARN_EMPTY_BODY = YES;
				CLANG_WARN_ENUM_CONVERSION = YES;
				CLANG_WARN_INFINITE_RECURSION = YES;
				CLANG_WARN_INT_CONVERSION = YES;
				CLANG_WARN_NON_LITERAL_NULL_CONVERSION = YES;
				CLANG_WARN_OBJC_IMPLICIT_RETAIN_SELF = YES;
				CLANG_WARN_OBJC_LITERAL_CONVERSION = YES;
				CLANG_WARN_OBJC_ROOT_CLASS = YES_ERROR;
				CLANG_WARN_QUOTED_INCLUDE_IN_FRAMEWORK_HEADER = YES;
				CLANG_WARN_RANGE_LOOP_ANALYSIS = YES;
				CLANG_WARN_STRICT_PROTOTYPES = YES;
				CLANG_WARN_SUSPICIOUS_MOVE = YES;
				CLANG_WARN_UNGUARDED_AVAILABILITY = YES_AGGRESSIVE;
				CLANG_WARN_UNREACHABLE_CODE = YES;
				CLANG_WARN__DUPLICATE_METHOD_MATCH = YES;
				COPY_PHASE_STRIP = NO;
				DEBUG_INFORMATION_FORMAT = "dwarf-with-dsym";
				ENABLE_NS_ASSERTIONS = NO;
				ENABLE_STRICT_OBJC_MSGSEND = YES;
				GCC_C_LANGUAGE_STANDARD = gnu11;
				GCC_NO_COMMON_BLOCKS = YES;
				GCC_WARN_64_TO_32_BIT_CONVERSION = YES;
				GCC_WARN_ABOUT_RETURN_TYPE = YES_ERROR;
				GCC_WARN_UNDECLARED_SELECTOR = YES;
				GCC_WARN_UNINITIALIZED_AUTOS = YES_AGGRESSIVE;
				GCC_WARN_UNUSED_FUNCTION = YES;
				GCC_WARN_UNUSED_VARIABLE = YES;
				IPHONEOS_DEPLOYMENT_TARGET = 18.0;
				MTL_ENABLE_DEBUG_INFO = NO;
				MTL_FAST_MATH = YES;
				PRODUCT_NAME = "$(TARGET_NAME)";
				SDKROOT = iphoneos;
				SUPPORTS_MACCATALYST = NO;
				SWIFT_COMPILATION_MODE = wholemodule;
				SWIFT_OPTIMIZATION_LEVEL = "-O";
				SWIFT_VERSION = 5.0;
				TARGETED_DEVICE_FAMILY = "1,2";
			};
			name = Release;
		};
		8B3CDC606686A7D80AB57F23 /* Release */ = {
			isa = XCBuildConfiguration;
			buildSettings = {
				ASSETCATALOG_COMPILER_APPICON_NAME = AppIcon;
				ASSETCATALOG_COMPILER_GLOBAL_ACCENT_COLOR_NAME = AccentColor;
				CODE_SIGN_ENTITLEMENTS = App/AlphaBeta.entitlements;
				CODE_SIGN_IDENTITY = "iPhone Developer";
				CODE_SIGN_STYLE = Automatic;
				DEVELOPMENT_ASSET_PATHS = "";
				INFOPLIST_FILE = App/Info.plist;
				INFOPLIST_KEY_UILaunchScreen_Generation = YES;
				INFOPLIST_KEY_UISupportedInterfaceOrientations = "UIInterfaceOrientationPortrait UIInterfaceOrientationLandscapeLeft UIInterfaceOrientationLandscapeRight";
				"INFOPLIST_KEY_UISupportedInterfaceOrientations~ipad" = "UIInterfaceOrientationPortrait UIInterfaceOrientationPortraitUpsideDown UIInterfaceOrientationLandscapeLeft UIInterfaceOrientationLandscapeRight";
				IPHONEOS_DEPLOYMENT_TARGET = 18.0;
				LD_RUNPATH_SEARCH_PATHS = (
					"$(inherited)",
					"@executable_path/Frameworks",
				);
				PRODUCT_BUNDLE_IDENTIFIER = com.JohnHoedeman.AlphaBeta;
				SDKROOT = iphoneos;
				TARGETED_DEVICE_FAMILY = "1,2";
			};
			name = Release;
		};
		E1D83D0F576770A32B837566 /* Release */ = {
			isa = XCBuildConfiguration;
			buildSettings = {
				BUNDLE_LOADER = "$(TEST_HOST)";
				GENERATE_INFOPLIST_FILE = YES;
				IPHONEOS_DEPLOYMENT_TARGET = 18.0;
				LD_RUNPATH_SEARCH_PATHS = (
					"$(inherited)",
					"@executable_path/Frameworks",
					"@loader_path/Frameworks",
				);
				PRODUCT_BUNDLE_IDENTIFIER = com.JohnHoedeman.AlphaBetaTests;
				SDKROOT = iphoneos;
				TARGETED_DEVICE_FAMILY = "1,2";
				TEST_HOST = "$(BUILT_PRODUCTS_DIR)/AlphaBeta.app/AlphaBeta";
			};
			name = Release;
		};
		F11DE2FD6A57B4AB89AC195E /* Debug */ = {
			isa = XCBuildConfiguration;
			buildSettings = {
				ASSETCATALOG_COMPILER_APPICON_NAME = AppIcon;
				ASSETCATALOG_COMPILER_GLOBAL_ACCENT_COLOR_NAME = AccentColor;
				CODE_SIGN_ENTITLEMENTS = App/AlphaBeta.entitlements;
				CODE_SIGN_IDENTITY = "iPhone Developer";
				CODE_SIGN_STYLE = Automatic;
				DEVELOPMENT_ASSET_PATHS = "";
				INFOPLIST_FILE = App/Info.plist;
				INFOPLIST_KEY_UILaunchScreen_Generation = YES;
				INFOPLIST_KEY_UISupportedInterfaceOrientations = "UIInterfaceOrientationPortrait UIInterfaceOrientationLandscapeLeft UIInterfaceOrientationLandscapeRight";
				"INFOPLIST_KEY_UISupportedInterfaceOrientations~ipad" = "UIInterfaceOrientationPortrait UIInterfaceOrientationPortraitUpsideDown UIInterfaceOrientationLandscapeLeft UIInterfaceOrientationLandscapeRight";
				IPHONEOS_DEPLOYMENT_TARGET = 18.0;
				LD_RUNPATH_SEARCH_PATHS = (
					"$(inherited)",
					"@executable_path/Frameworks",
				);
				PRODUCT_BUNDLE_IDENTIFIER = com.JohnHoedeman.AlphaBeta;
				SDKROOT = iphoneos;
				TARGETED_DEVICE_FAMILY = "1,2";
			};
			name = Debug;
		};
/* End XCBuildConfiguration section */

/* Begin XCConfigurationList section */
		4CC768794EDA12DA0EDE1566 /* Build configuration list for PBXNativeTarget "AlphaBetaTests" */ = {
			isa = XCConfigurationList;
			buildConfigurations = (
				6DB81641ACABDA6A156EAF5C /* Debug */,
				E1D83D0F576770A32B837566 /* Release */,
			);
			defaultConfigurationIsVisible = 0;
			defaultConfigurationName = Debug;
		};
		D5156D1F145C9AC3A57AD00D /* Build configuration list for PBXNativeTarget "AlphaBeta" */ = {
			isa = XCConfigurationList;
			buildConfigurations = (
				F11DE2FD6A57B4AB89AC195E /* Debug */,
				8B3CDC606686A7D80AB57F23 /* Release */,
			);
			defaultConfigurationIsVisible = 0;
			defaultConfigurationName = Debug;
		};
		DFC58F2F67F1A39B18B27F60 /* Build configuration list for PBXProject "AlphaBeta" */ = {
			isa = XCConfigurationList;
			buildConfigurations = (
				0C72268BCC1C8A3A87D82AD1 /* Debug */,
				7B5E8FE757130E49B2FC3166 /* Release */,
			);
			defaultConfigurationIsVisible = 0;
			defaultConfigurationName = Debug;
		};
/* End XCConfigurationList section */
	};
	rootObject = 5376F80825E88FC96EC14E73 /* Project object */;
}
